
Microsoft Visual Studio Solution File, Format Version 11.00
# Visual Studio 2010
Project("{FAE04EC0-301F-11D3-BF4B-00C04F79EFBC}") = "Assembly-CSharp", "Assembly-CSharp.csproj", "{5fd5ade6-d461-43f8-fe93-16c6fd52f235}"
EndProject
Project("{FAE04EC0-301F-11D3-BF4B-00C04F79EFBC}") = "Assembly-CSharp-firstpass", "Assembly-CSharp-firstpass.csproj", "{793b1586-531f-73ab-4876-bebfc2ad56e1}"
EndProject
Global
	GlobalSection(SolutionConfigurationPlatforms) = preSolution
		Debug|Any CPU = Debug|Any CPU
		Release|Any CPU = Release|Any CPU
	EndGlobalSection
	GlobalSection(ProjectConfigurationPlatforms) = postSolution
		{5fd5ade6-d461-43f8-fe93-16c6fd52f235}.Debug|Any CPU.ActiveCfg = Debug|Any CPU
		{5fd5ade6-d461-43f8-fe93-16c6fd52f235}.Debug|Any CPU.Build.0 = Debug|Any CPU
		{5fd5ade6-d461-43f8-fe93-16c6fd52f235}.Release|Any CPU.ActiveCfg = Release|Any CPU
		{5fd5ade6-d461-43f8-fe93-16c6fd52f235}.Release|Any CPU.Build.0 = Release|Any CPU
		{793b1586-531f-73ab-4876-bebfc2ad56e1}.Debug|Any CPU.ActiveCfg = Debug|Any CPU
		{793b1586-531f-73ab-4876-bebfc2ad56e1}.Debug|Any CPU.Build.0 = Debug|Any CPU
		{793b1586-531f-73ab-4876-bebfc2ad56e1}.Release|Any CPU.ActiveCfg = Release|Any CPU
		{793b1586-531f-73ab-4876-bebfc2ad56e1}.Release|Any CPU.Build.0 = Release|Any CPU
	EndGlobalSection
	GlobalSection(SolutionProperties) = preSolution
		HideSolutionNode = FALSE
	EndGlobalSection
EndGlobal
