
Microsoft Visual Studio Solution File, Format Version 11.00
# Visual Studio 2010
Project("{FAE04EC0-301F-11D3-BF4B-00C04F79EFBC}") = "Assembly-CSharp", "Assembly-CSharp.csproj", "{161b28db-d0a0-fda6-46b9-8634d3f739eb}"
EndProject
Global
	GlobalSection(SolutionConfigurationPlatforms) = preSolution
		Debug|Any CPU = Debug|Any CPU
		Release|Any CPU = Release|Any CPU
	EndGlobalSection
	GlobalSection(ProjectConfigurationPlatforms) = postSolution
		{161b28db-d0a0-fda6-46b9-8634d3f739eb}.Debug|Any CPU.ActiveCfg = Debug|Any CPU
		{161b28db-d0a0-fda6-46b9-8634d3f739eb}.Debug|Any CPU.Build.0 = Debug|Any CPU
		{161b28db-d0a0-fda6-46b9-8634d3f739eb}.Release|Any CPU.ActiveCfg = Release|Any CPU
		{161b28db-d0a0-fda6-46b9-8634d3f739eb}.Release|Any CPU.Build.0 = Release|Any CPU
	EndGlobalSection
	GlobalSection(SolutionProperties) = preSolution
		HideSolutionNode = FALSE
	EndGlobalSection
EndGlobal
